
Microsoft Visual Studio Solution File, Format Version 12.00
# Visual Studio 15
VisualStudioVersion = 15.0.28307.1778
MinimumVisualStudioVersion = 10.0.40219.1
Project("{9A19103F-16F7-4668-BE54-9A1E7A4F7556}") = "QA", "QA\QA.csproj", "{C1013E61-52A4-428D-B098-9C8C4F91F2EE}"
EndProject
Global
	GlobalSection(SolutionConfigurationPlatforms) = preSolution
		Debug|Any CPU = Debug|Any CPU
		Release|Any CPU = Release|Any CPU
	EndGlobalSection
	GlobalSection(ProjectConfigurationPlatforms) = postSolution
		{C1013E61-52A4-428D-B098-9C8C4F91F2EE}.Debug|Any CPU.ActiveCfg = Debug|Any CPU
		{C1013E61-52A4-428D-B098-9C8C4F91F2EE}.Debug|Any CPU.Build.0 = Debug|Any CPU
		{C1013E61-52A4-428D-B098-9C8C4F91F2EE}.Release|Any CPU.ActiveCfg = Release|Any CPU
		{C1013E61-52A4-428D-B098-9C8C4F91F2EE}.Release|Any CPU.Build.0 = Release|Any CPU
	EndGlobalSection
	GlobalSection(SolutionProperties) = preSolution
		HideSolutionNode = FALSE
	EndGlobalSection
	GlobalSection(ExtensibilityGlobals) = postSolution
		SolutionGuid = {432E7676-BD09-4EDF-BC9C-2FD7353AF7F3}
	EndGlobalSection
EndGlobal
